
Microsoft Visual Studio Solution File, Format Version 12.00
# Visual Studio Version 16
VisualStudioVersion = 16.0.30114.105
MinimumVisualStudioVersion = 10.0.40219.1
Project("{9A19103F-16F7-4668-BE54-9A1E7A4F7556}") = "File Comparer", "File Comparer\File Comparer.csproj", "{23595F93-52A4-45B5-A7D0-755ECAA1B941}"
EndProject
Project("{2150E333-8FDC-42A3-9474-1A3956D46DE8}") = "Solution Items", "Solution Items", "{3B8FE520-58ED-4554-82DE-C243C9031F36}"
	ProjectSection(SolutionItems) = preProject
		.editorconfig = .editorconfig
	EndProjectSection
EndProject
Global
	GlobalSection(SolutionConfigurationPlatforms) = preSolution
		Debug|Any CPU = Debug|Any CPU
		Release|Any CPU = Release|Any CPU
	EndGlobalSection
	GlobalSection(ProjectConfigurationPlatforms) = postSolution
		{23595F93-52A4-45B5-A7D0-755ECAA1B941}.Debug|Any CPU.ActiveCfg = Debug|Any CPU
		{23595F93-52A4-45B5-A7D0-755ECAA1B941}.Debug|Any CPU.Build.0 = Debug|Any CPU
		{23595F93-52A4-45B5-A7D0-755ECAA1B941}.Release|Any CPU.ActiveCfg = Release|Any CPU
		{23595F93-52A4-45B5-A7D0-755ECAA1B941}.Release|Any CPU.Build.0 = Release|Any CPU
	EndGlobalSection
	GlobalSection(SolutionProperties) = preSolution
		HideSolutionNode = FALSE
	EndGlobalSection
	GlobalSection(ExtensibilityGlobals) = postSolution
		SolutionGuid = {B84E04B1-49C5-4C11-836B-20CED5D2750F}
	EndGlobalSection
EndGlobal
